{
	"name": "supermario",
	"version": "1.0.0",
	"lockfileVersion": 2,
	"requires": true,
	"packages": {
		"": {
			"version": "1.0.0",
			"license": "ISC",
			"dependencies": {
				"kaboom": "^2000.0.0-beta.21"
			},
			"devDependencies": {
				"typescript": "^4.4.3"
			}
		},
		"node_modules/kaboom": {
			"version": "2000.0.0-beta.21",
			"resolved": "https://registry.npmjs.org/kaboom/-/kaboom-2000.0.0-beta.21.tgz",
			"integrity": "sha512-Pk9ZxIcG/L++kwn+UpAMsH0OmQjuCFFzlk/S8EOknkcghafiCc6BbRU04ff0Ml6/fysbuF3tf/RE0bUNADxpkw=="
		},
		"node_modules/typescript": {
			"version": "4.4.3",
			"resolved": "https://registry.npmjs.org/typescript/-/typescript-4.4.3.tgz",
			"integrity": "sha512-4xfscpisVgqqDfPaJo5vkd+Qd/ItkoagnHpufr+i2QCHBsNYp+G7UAoyFl8aPtx879u38wPV65rZ8qbGZijalA==",
			"dev": true,
			"bin": {
				"tsc": "bin/tsc",
				"tsserver": "bin/tsserver"
			},
			"engines": {
				"node": ">=4.2.0"
			}
		}
	},
	"dependencies": {
		"kaboom": {
			"version": "2000.0.0-beta.21",
			"resolved": "https://registry.npmjs.org/kaboom/-/kaboom-2000.0.0-beta.21.tgz",
			"integrity": "sha512-Pk9ZxIcG/L++kwn+UpAMsH0OmQjuCFFzlk/S8EOknkcghafiCc6BbRU04ff0Ml6/fysbuF3tf/RE0bUNADxpkw=="
		},
		"typescript": {
			"version": "4.4.3",
			"resolved": "https://registry.npmjs.org/typescript/-/typescript-4.4.3.tgz",
			"integrity": "sha512-4xfscpisVgqqDfPaJo5vkd+Qd/ItkoagnHpufr+i2QCHBsNYp+G7UAoyFl8aPtx879u38wPV65rZ8qbGZijalA==",
			"dev": true
		}
	}
}
